
Microsoft Visual Studio Solution File, Format Version 12.00
# Visual Studio 15
VisualStudioVersion = 15.0.28010.2036
MinimumVisualStudioVersion = 10.0.40219.1
Project("{FAE04EC0-301F-11D3-BF4B-00C04F79EFBC}") = "proairetiki2", "proairetiki2\proairetiki2.csproj", "{EEB54763-E8E5-4FC6-A443-1D5ECA3A5BC6}"
EndProject
Global
	GlobalSection(SolutionConfigurationPlatforms) = preSolution
		Debug|Any CPU = Debug|Any CPU
		Release|Any CPU = Release|Any CPU
	EndGlobalSection
	GlobalSection(ProjectConfigurationPlatforms) = postSolution
		{EEB54763-E8E5-4FC6-A443-1D5ECA3A5BC6}.Debug|Any CPU.ActiveCfg = Debug|Any CPU
		{EEB54763-E8E5-4FC6-A443-1D5ECA3A5BC6}.Debug|Any CPU.Build.0 = Debug|Any CPU
		{EEB54763-E8E5-4FC6-A443-1D5ECA3A5BC6}.Release|Any CPU.ActiveCfg = Release|Any CPU
		{EEB54763-E8E5-4FC6-A443-1D5ECA3A5BC6}.Release|Any CPU.Build.0 = Release|Any CPU
	EndGlobalSection
	GlobalSection(SolutionProperties) = preSolution
		HideSolutionNode = FALSE
	EndGlobalSection
	GlobalSection(ExtensibilityGlobals) = postSolution
		SolutionGuid = {A226243D-1467-430E-902B-0603909A322C}
	EndGlobalSection
EndGlobal
